// !$*UTF8*$!
{
	archiveVersion = 1;
	classes = {
	};
	objectVersion = 50;
	objects = {

/* Begin PBXBuildFile section */
		0637BD772728D85300714166 /* TextFormatter.swift in Sources */ = {isa = PBXBuildFile; fileRef = 0637BD762728D85300714166 /* TextFormatter.swift */; };
		06C70A6127238D6D00715BB0 /* Thesis_ProjectApp.swift in Sources */ = {isa = PBXBuildFile; fileRef = 06C70A6027238D6D00715BB0 /* Thesis_ProjectApp.swift */; };
		06C70A6327238D6D00715BB0 /* ContentView.swift in Sources */ = {isa = PBXBuildFile; fileRef = 06C70A6227238D6D00715BB0 /* ContentView.swift */; };
		06C70A6527238D6E00715BB0 /* Assets.xcassets in Resources */ = {isa = PBXBuildFile; fileRef = 06C70A6427238D6E00715BB0 /* Assets.xcassets */; };
		06C70A6827238D6E00715BB0 /* Preview Assets.xcassets in Resources */ = {isa = PBXBuildFile; fileRef = 06C70A6727238D6E00715BB0 /* Preview Assets.xcassets */; };
		06C70A7327238D6E00715BB0 /* Thesis_ProjectTests.swift in Sources */ = {isa = PBXBuildFile; fileRef = 06C70A7227238D6E00715BB0 /* Thesis_ProjectTests.swift */; };
		06C70A7E27238D6E00715BB0 /* Thesis_ProjectUITests.swift in Sources */ = {isa = PBXBuildFile; fileRef = 06C70A7D27238D6E00715BB0 /* Thesis_ProjectUITests.swift */; };
/* End PBXBuildFile section */

/* Begin PBXContainerItemProxy section */
		06C70A6F27238D6E00715BB0 /* PBXContainerItemProxy */ = {
			isa = PBXContainerItemProxy;
			containerPortal = 06C70A5527238D6D00715BB0 /* Project object */;
			proxyType = 1;
			remoteGlobalIDString = 06C70A5C27238D6D00715BB0;
			remoteInfo = "Thesis Project";
		};
		06C70A7A27238D6E00715BB0 /* PBXContainerItemProxy */ = {
			isa = PBXContainerItemProxy;
			containerPortal = 06C70A5527238D6D00715BB0 /* Project object */;
			proxyType = 1;
			remoteGlobalIDString = 06C70A5C27238D6D00715BB0;
			remoteInfo = "Thesis Project";
		};
/* End PBXContainerItemProxy section */

/* Begin PBXFileReference section */
		0637BD762728D85300714166 /* TextFormatter.swift */ = {isa = PBXFileReference; lastKnownFileType = sourcecode.swift; path = TextFormatter.swift; sourceTree = "<group>"; };
		06C70A5D27238D6D00715BB0 /* Thesis Project.app */ = {isa = PBXFileReference; explicitFileType = wrapper.application; includeInIndex = 0; path = "Thesis Project.app"; sourceTree = BUILT_PRODUCTS_DIR; };
		06C70A6027238D6D00715BB0 /* Thesis_ProjectApp.swift */ = {isa = PBXFileReference; lastKnownFileType = sourcecode.swift; path = Thesis_ProjectApp.swift; sourceTree = "<group>"; };
		06C70A6227238D6D00715BB0 /* ContentView.swift */ = {isa = PBXFileReference; lastKnownFileType = sourcecode.swift; path = ContentView.swift; sourceTree = "<group>"; };
		06C70A6427238D6E00715BB0 /* Assets.xcassets */ = {isa = PBXFileReference; lastKnownFileType = folder.assetcatalog; path = Assets.xcassets; sourceTree = "<group>"; };
		06C70A6727238D6E00715BB0 /* Preview Assets.xcassets */ = {isa = PBXFileReference; lastKnownFileType = folder.assetcatalog; path = "Preview Assets.xcassets"; sourceTree = "<group>"; };
		06C70A6927238D6E00715BB0 /* Info.plist */ = {isa = PBXFileReference; lastKnownFileType = text.plist.xml; path = Info.plist; sourceTree = "<group>"; };
		06C70A6E27238D6E00715BB0 /* Thesis ProjectTests.xctest */ = {isa = PBXFileReference; explicitFileType = wrapper.cfbundle; includeInIndex = 0; path = "Thesis ProjectTests.xctest"; sourceTree = BUILT_PRODUCTS_DIR; };
		06C70A7227238D6E00715BB0 /* Thesis_ProjectTests.swift */ = {isa = PBXFileReference; lastKnownFileType = sourcecode.swift; path = Thesis_ProjectTests.swift; sourceTree = "<group>"; };
		06C70A7427238D6E00715BB0 /* Info.plist */ = {isa = PBXFileReference; lastKnownFileType = text.plist.xml; path = Info.plist; sourceTree = "<group>"; };
		06C70A7927238D6E00715BB0 /* Thesis ProjectUITests.xctest */ = {isa = PBXFileReference; explicitFileType = wrapper.cfbundle; includeInIndex = 0; path = "Thesis ProjectUITests.xctest"; sourceTree = BUILT_PRODUCTS_DIR; };
		06C70A7D27238D6E00715BB0 /* Thesis_ProjectUITests.swift */ = {isa = PBXFileReference; lastKnownFileType = sourcecode.swift; path = Thesis_ProjectUITests.swift; sourceTree = "<group>"; };
		06C70A7F27238D6E00715BB0 /* Info.plist */ = {isa = PBXFileReference; lastKnownFileType = text.plist.xml; path = Info.plist; sourceTree = "<group>"; };
/* End PBXFileReference section */

/* Begin PBXFrameworksBuildPhase section */
		06C70A5A27238D6D00715BB0 /* Frameworks */ = {
			isa = PBXFrameworksBuildPhase;
			buildActionMask = 2147483647;
			files = (
			);
			runOnlyForDeploymentPostprocessing = 0;
		};
		06C70A6B27238D6E00715BB0 /* Frameworks */ = {
			isa = PBXFrameworksBuildPhase;
			buildActionMask = 2147483647;
			files = (
			);
			runOnlyForDeploymentPostprocessing = 0;
		};
		06C70A7627238D6E00715BB0 /* Frameworks */ = {
			isa = PBXFrameworksBuildPhase;
			buildActionMask = 2147483647;
			files = (
			);
			runOnlyForDeploymentPostprocessing = 0;
		};
/* End PBXFrameworksBuildPhase section */

/* Begin PBXGroup section */
		06C70A5427238D6D00715BB0 = {
			isa = PBXGroup;
			children = (
				06C70A5F27238D6D00715BB0 /* Thesis Project */,
				06C70A7127238D6E00715BB0 /* Thesis ProjectTests */,
				06C70A7C27238D6E00715BB0 /* Thesis ProjectUITests */,
				06C70A5E27238D6D00715BB0 /* Products */,
			);
			sourceTree = "<group>";
		};
		06C70A5E27238D6D00715BB0 /* Products */ = {
			isa = PBXGroup;
			children = (
				06C70A5D27238D6D00715BB0 /* Thesis Project.app */,
				06C70A6E27238D6E00715BB0 /* Thesis ProjectTests.xctest */,
				06C70A7927238D6E00715BB0 /* Thesis ProjectUITests.xctest */,
			);
			name = Products;
			sourceTree = "<group>";
		};
		06C70A5F27238D6D00715BB0 /* Thesis Project */ = {
			isa = PBXGroup;
			children = (
				06C70A6027238D6D00715BB0 /* Thesis_ProjectApp.swift */,
				06C70A6227238D6D00715BB0 /* ContentView.swift */,
				06C70A6427238D6E00715BB0 /* Assets.xcassets */,
				06C70A6927238D6E00715BB0 /* Info.plist */,
				06C70A6627238D6E00715BB0 /* Preview Content */,
				0637BD762728D85300714166 /* TextFormatter.swift */,
			);
			path = "Thesis Project";
			sourceTree = "<group>";
		};
		06C70A6627238D6E00715BB0 /* Preview Content */ = {
			isa = PBXGroup;
			children = (
				06C70A6727238D6E00715BB0 /* Preview Assets.xcassets */,
			);
			path = "Preview Content";
			sourceTree = "<group>";
		};
		06C70A7127238D6E00715BB0 /* Thesis ProjectTests */ = {
			isa = PBXGroup;
			children = (
				06C70A7227238D6E00715BB0 /* Thesis_ProjectTests.swift */,
				06C70A7427238D6E00715BB0 /* Info.plist */,
			);
			path = "Thesis ProjectTests";
			sourceTree = "<group>";
		};
		06C70A7C27238D6E00715BB0 /* Thesis ProjectUITests */ = {
			isa = PBXGroup;
			children = (
				06C70A7D27238D6E00715BB0 /* Thesis_ProjectUITests.swift */,
				06C70A7F27238D6E00715BB0 /* Info.plist */,
			);
			path = "Thesis ProjectUITests";
			sourceTree = "<group>";
		};
/* End PBXGroup section */

/* Begin PBXNativeTarget section */
		06C70A5C27238D6D00715BB0 /* Thesis Project */ = {
			isa = PBXNativeTarget;
			buildConfigurationList = 06C70A8227238D6E00715BB0 /* Build configuration list for PBXNativeTarget "Thesis Project" */;
			buildPhases = (
				06C70A5927238D6D00715BB0 /* Sources */,
				06C70A5A27238D6D00715BB0 /* Frameworks */,
				06C70A5B27238D6D00715BB0 /* Resources */,
			);
			buildRules = (
			);
			dependencies = (
			);
			name = "Thesis Project";
			productName = "Thesis Project";
			productReference = 06C70A5D27238D6D00715BB0 /* Thesis Project.app */;
			productType = "com.apple.product-type.application";
		};
		06C70A6D27238D6E00715BB0 /* Thesis ProjectTests */ = {
			isa = PBXNativeTarget;
			buildConfigurationList = 06C70A8527238D6E00715BB0 /* Build configuration list for PBXNativeTarget "Thesis ProjectTests" */;
			buildPhases = (
				06C70A6A27238D6E00715BB0 /* Sources */,
				06C70A6B27238D6E00715BB0 /* Frameworks */,
				06C70A6C27238D6E00715BB0 /* Resources */,
			);
			buildRules = (
			);
			dependencies = (
				06C70A7027238D6E00715BB0 /* PBXTargetDependency */,
			);
			name = "Thesis ProjectTests";
			productName = "Thesis ProjectTests";
			productReference = 06C70A6E27238D6E00715BB0 /* Thesis ProjectTests.xctest */;
			productType = "com.apple.product-type.bundle.unit-test";
		};
		06C70A7827238D6E00715BB0 /* Thesis ProjectUITests */ = {
			isa = PBXNativeTarget;
			buildConfigurationList = 06C70A8827238D6E00715BB0 /* Build configuration list for PBXNativeTarget "Thesis ProjectUITests" */;
			buildPhases = (
				06C70A7527238D6E00715BB0 /* Sources */,
				06C70A7627238D6E00715BB0 /* Frameworks */,
				06C70A7727238D6E00715BB0 /* Resources */,
			);
			buildRules = (
			);
			dependencies = (
				06C70A7B27238D6E00715BB0 /* PBXTargetDependency */,
			);
			name = "Thesis ProjectUITests";
			productName = "Thesis ProjectUITests";
			productReference = 06C70A7927238D6E00715BB0 /* Thesis ProjectUITests.xctest */;
			productType = "com.apple.product-type.bundle.ui-testing";
		};
/* End PBXNativeTarget section */

/* Begin PBXProject section */
		06C70A5527238D6D00715BB0 /* Project object */ = {
			isa = PBXProject;
			attributes = {
				LastSwiftUpdateCheck = 1250;
				LastUpgradeCheck = 1250;
				TargetAttributes = {
					06C70A5C27238D6D00715BB0 = {
						CreatedOnToolsVersion = 12.5;
					};
					06C70A6D27238D6E00715BB0 = {
						CreatedOnToolsVersion = 12.5;
						TestTargetID = 06C70A5C27238D6D00715BB0;
					};
					06C70A7827238D6E00715BB0 = {
						CreatedOnToolsVersion = 12.5;
						TestTargetID = 06C70A5C27238D6D00715BB0;
					};
				};
			};
			buildConfigurationList = 06C70A5827238D6D00715BB0 /* Build configuration list for PBXProject "Thesis Project" */;
			compatibilityVersion = "Xcode 9.3";
			developmentRegion = en;
			hasScannedForEncodings = 0;
			knownRegions = (
				en,
				Base,
			);
			mainGroup = 06C70A5427238D6D00715BB0;
			productRefGroup = 06C70A5E27238D6D00715BB0 /* Products */;
			projectDirPath = "";
			projectRoot = "";
			targets = (
				06C70A5C27238D6D00715BB0 /* Thesis Project */,
				06C70A6D27238D6E00715BB0 /* Thesis ProjectTests */,
				06C70A7827238D6E00715BB0 /* Thesis ProjectUITests */,
			);
		};
/* End PBXProject section */

/* Begin PBXResourcesBuildPhase section */
		06C70A5B27238D6D00715BB0 /* Resources */ = {
			isa = PBXResourcesBuildPhase;
			buildActionMask = 2147483647;
			files = (
				06C70A6827238D6E00715BB0 /* Preview Assets.xcassets in Resources */,
				06C70A6527238D6E00715BB0 /* Assets.xcassets in Resources */,
			);
			runOnlyForDeploymentPostprocessing = 0;
		};
		06C70A6C27238D6E00715BB0 /* Resources */ = {
			isa = PBXResourcesBuildPhase;
			buildActionMask = 2147483647;
			files = (
			);
			runOnlyForDeploymentPostprocessing = 0;
		};
		06C70A7727238D6E00715BB0 /* Resources */ = {
			isa = PBXResourcesBuildPhase;
			buildActionMask = 2147483647;
			files = (
			);
			runOnlyForDeploymentPostprocessing = 0;
		};
/* End PBXResourcesBuildPhase section */

/* Begin PBXSourcesBuildPhase section */
		06C70A5927238D6D00715BB0 /* Sources */ = {
			isa = PBXSourcesBuildPhase;
			buildActionMask = 2147483647;
			files = (
				0637BD772728D85300714166 /* TextFormatter.swift in Sources */,
				06C70A6327238D6D00715BB0 /* ContentView.swift in Sources */,
				06C70A6127238D6D00715BB0 /* Thesis_ProjectApp.swift in Sources */,
			);
			runOnlyForDeploymentPostprocessing = 0;
		};
		06C70A6A27238D6E00715BB0 /* Sources */ = {
			isa = PBXSourcesBuildPhase;
			buildActionMask = 2147483647;
			files = (
				06C70A7327238D6E00715BB0 /* Thesis_ProjectTests.swift in Sources */,
			);
			runOnlyForDeploymentPostprocessing = 0;
		};
		06C70A7527238D6E00715BB0 /* Sources */ = {
			isa = PBXSourcesBuildPhase;
			buildActionMask = 2147483647;
			files = (
				06C70A7E27238D6E00715BB0 /* Thesis_ProjectUITests.swift in Sources */,
			);
			runOnlyForDeploymentPostprocessing = 0;
		};
/* End PBXSourcesBuildPhase section */

/* Begin PBXTargetDependency section */
		06C70A7027238D6E00715BB0 /* PBXTargetDependency */ = {
			isa = PBXTargetDependency;
			target = 06C70A5C27238D6D00715BB0 /* Thesis Project */;
			targetProxy = 06C70A6F27238D6E00715BB0 /* PBXContainerItemProxy */;
		};
		06C70A7B27238D6E00715BB0 /* PBXTargetDependency */ = {
			isa = PBXTargetDependency;
			target = 06C70A5C27238D6D00715BB0 /* Thesis Project */;
			targetProxy = 06C70A7A27238D6E00715BB0 /* PBXContainerItemProxy */;
		};
/* End PBXTargetDependency section */

/* Begin XCBuildConfiguration section */
		06C70A8027238D6E00715BB0 /* Debug */ = {
			isa = XCBuildConfiguration;
			buildSettings = {
				ALWAYS_SEARCH_USER_PATHS = NO;
				CLANG_ANALYZER_NONNULL = YES;
				CLANG_ANALYZER_NUMBER_OBJECT_CONVERSION = YES_AGGRESSIVE;
				CLANG_CXX_LANGUAGE_STANDARD = "gnu++14";
				CLANG_CXX_LIBRARY = "libc++";
				CLANG_ENABLE_MODULES = YES;
				CLANG_ENABLE_OBJC_ARC = YES;
				CLANG_ENABLE_OBJC_WEAK = YES;
				CLANG_WARN_BLOCK_CAPTURE_AUTORELEASING = YES;
				CLANG_WARN_BOOL_CONVERSION = YES;
				CLANG_WARN_COMMA = YES;
				CLANG_WARN_CONSTANT_CONVERSION = YES;
				CLANG_WARN_DEPRECATED_OBJC_IMPLEMENTATIONS = YES;
				CLANG_WARN_DIRECT_OBJC_ISA_USAGE = YES_ERROR;
				CLANG_WARN_DOCUMENTATION_COMMENTS = YES;
				CLANG_WARN_EMPTY_BODY = YES;
				CLANG_WARN_ENUM_CONVERSION = YES;
				CLANG_WARN_INFINITE_RECURSION = YES;
				CLANG_WARN_INT_CONVERSION = YES;
				CLANG_WARN_NON_LITERAL_NULL_CONVERSION = YES;
				CLANG_WARN_OBJC_IMPLICIT_RETAIN_SELF = YES;
				CLANG_WARN_OBJC_LITERAL_CONVERSION = YES;
				CLANG_WARN_OBJC_ROOT_CLASS = YES_ERROR;
				CLANG_WARN_QUOTED_INCLUDE_IN_FRAMEWORK_HEADER = YES;
				CLANG_WARN_RANGE_LOOP_ANALYSIS = YES;
				CLANG_WARN_STRICT_PROTOTYPES = YES;
				CLANG_WARN_SUSPICIOUS_MOVE = YES;
				CLANG_WARN_UNGUARDED_AVAILABILITY = YES_AGGRESSIVE;
				CLANG_WARN_UNREACHABLE_CODE = YES;
				CLANG_WARN__DUPLICATE_METHOD_MATCH = YES;
				COPY_PHASE_STRIP = NO;
				DEBUG_INFORMATION_FORMAT = dwarf;
				ENABLE_STRICT_OBJC_MSGSEND = YES;
				ENABLE_TESTABILITY = YES;
				GCC_C_LANGUAGE_STANDARD = gnu11;
				GCC_DYNAMIC_NO_PIC = NO;
				GCC_NO_COMMON_BLOCKS = YES;
				GCC_OPTIMIZATION_LEVEL = 0;
				GCC_PREPROCESSOR_DEFINITIONS = (
					"DEBUG=1",
					"$(inherited)",
				);
				GCC_WARN_64_TO_32_BIT_CONVERSION = YES;
				GCC_WARN_ABOUT_RETURN_TYPE = YES_ERROR;
				GCC_WARN_UNDECLARED_SELECTOR = YES;
				GCC_WARN_UNINITIALIZED_AUTOS = YES_AGGRESSIVE;
				GCC_WARN_UNUSED_FUNCTION = YES;
				GCC_WARN_UNUSED_VARIABLE = YES;
				IPHONEOS_DEPLOYMENT_TARGET = 14.5;
				MTL_ENABLE_DEBUG_INFO = INCLUDE_SOURCE;
				MTL_FAST_MATH = YES;
				ONLY_ACTIVE_ARCH = YES;
				SDKROOT = iphoneos;
				SWIFT_ACTIVE_COMPILATION_CONDITIONS = DEBUG;
				SWIFT_OPTIMIZATION_LEVEL = "-Onone";
			};
			name = Debug;
		};
		06C70A8127238D6E00715BB0 /* Release */ = {
			isa = XCBuildConfiguration;
			buildSettings = {
				ALWAYS_SEARCH_USER_PATHS = NO;
				CLANG_ANALYZER_NONNULL = YES;
				CLANG_ANALYZER_NUMBER_OBJECT_CONVERSION = YES_AGGRESSIVE;
				CLANG_CXX_LANGUAGE_STANDARD = "gnu++14";
				CLANG_CXX_LIBRARY = "libc++";
				CLANG_ENABLE_MODULES = YES;
				CLANG_ENABLE_OBJC_ARC = YES;
				CLANG_ENABLE_OBJC_WEAK = YES;
				CLANG_WARN_BLOCK_CAPTURE_AUTORELEASING = YES;
				CLANG_WARN_BOOL_CONVERSION = YES;
				CLANG_WARN_COMMA = YES;
				CLANG_WARN_CONSTANT_CONVERSION = YES;
				CLANG_WARN_DEPRECATED_OBJC_IMPLEMENTATIONS = YES;
				CLANG_WARN_DIRECT_OBJC_ISA_USAGE = YES_ERROR;
				CLANG_WARN_DOCUMENTATION_COMMENTS = YES;
				CLANG_WARN_EMPTY_BODY = YES;
				CLANG_WARN_ENUM_CONVERSION = YES;
				CLANG_WARN_INFINITE_RECURSION = YES;
				CLANG_WARN_INT_CONVERSION = YES;
				CLANG_WARN_NON_LITERAL_NULL_CONVERSION = YES;
				CLANG_WARN_OBJC_IMPLICIT_RETAIN_SELF = YES;
				CLANG_WARN_OBJC_LITERAL_CONVERSION = YES;
				CLANG_WARN_OBJC_ROOT_CLASS = YES_ERROR;
				CLANG_WARN_QUOTED_INCLUDE_IN_FRAMEWORK_HEADER = YES;
				CLANG_WARN_RANGE_LOOP_ANALYSIS = YES;
				CLANG_WARN_STRICT_PROTOTYPES = YES;
				CLANG_WARN_SUSPICIOUS_MOVE = YES;
				CLANG_WARN_UNGUARDED_AVAILABILITY = YES_AGGRESSIVE;
				CLANG_WARN_UNREACHABLE_CODE = YES;
				CLANG_WARN__DUPLICATE_METHOD_MATCH = YES;
				COPY_PHASE_STRIP = NO;
				DEBUG_INFORMATION_FORMAT = "dwarf-with-dsym";
				ENABLE_NS_ASSERTIONS = NO;
				ENABLE_STRICT_OBJC_MSGSEND = YES;
				GCC_C_LANGUAGE_STANDARD = gnu11;
				GCC_NO_COMMON_BLOCKS = YES;
				GCC_WARN_64_TO_32_BIT_CONVERSION = YES;
				GCC_WARN_ABOUT_RETURN_TYPE = YES_ERROR;
				GCC_WARN_UNDECLARED_SELECTOR = YES;
				GCC_WARN_UNINITIALIZED_AUTOS = YES_AGGRESSIVE;
				GCC_WARN_UNUSED_FUNCTION = YES;
				GCC_WARN_UNUSED_VARIABLE = YES;
				IPHONEOS_DEPLOYMENT_TARGET = 14.5;
				MTL_ENABLE_DEBUG_INFO = NO;
				MTL_FAST_MATH = YES;
				SDKROOT = iphoneos;
				SWIFT_COMPILATION_MODE = wholemodule;
				SWIFT_OPTIMIZATION_LEVEL = "-O";
				VALIDATE_PRODUCT = YES;
			};
			name = Release;
		};
		06C70A8327238D6E00715BB0 /* Debug */ = {
			isa = XCBuildConfiguration;
			buildSettings = {
				ASSETCATALOG_COMPILER_APPICON_NAME = AppIcon;
				ASSETCATALOG_COMPILER_GLOBAL_ACCENT_COLOR_NAME = AccentColor;
				CODE_SIGN_STYLE = Automatic;
				DEVELOPMENT_ASSET_PATHS = "\"Thesis Project/Preview Content\"";
				DEVELOPMENT_TEAM = T4JGB64QZ3;
				ENABLE_PREVIEWS = YES;
				INFOPLIST_FILE = "Thesis Project/Info.plist";
				IPHONEOS_DEPLOYMENT_TARGET = 14.0;
				LD_RUNPATH_SEARCH_PATHS = (
					"$(inherited)",
					"@executable_path/Frameworks",
				);
				PRODUCT_BUNDLE_IDENTIFIER = "Isaac.Thesis-Project";
				PRODUCT_NAME = "$(TARGET_NAME)";
				SWIFT_VERSION = 5.0;
				TARGETED_DEVICE_FAMILY = "1,2";
			};
			name = Debug;
		};
		06C70A8427238D6E00715BB0 /* Release */ = {
			isa = XCBuildConfiguration;
			buildSettings = {
				ASSETCATALOG_COMPILER_APPICON_NAME = AppIcon;
				ASSETCATALOG_COMPILER_GLOBAL_ACCENT_COLOR_NAME = AccentColor;
				CODE_SIGN_STYLE = Automatic;
				DEVELOPMENT_ASSET_PATHS = "\"Thesis Project/Preview Content\"";
				DEVELOPMENT_TEAM = T4JGB64QZ3;
				ENABLE_PREVIEWS = YES;
				INFOPLIST_FILE = "Thesis Project/Info.plist";
				IPHONEOS_DEPLOYMENT_TARGET = 14.0;
				LD_RUNPATH_SEARCH_PATHS = (
					"$(inherited)",
					"@executable_path/Frameworks",
				);
				PRODUCT_BUNDLE_IDENTIFIER = "Isaac.Thesis-Project";
				PRODUCT_NAME = "$(TARGET_NAME)";
				SWIFT_VERSION = 5.0;
				TARGETED_DEVICE_FAMILY = "1,2";
			};
			name = Release;
		};
		06C70A8627238D6E00715BB0 /* Debug */ = {
			isa = XCBuildConfiguration;
			buildSettings = {
				ALWAYS_EMBED_SWIFT_STANDARD_LIBRARIES = YES;
				BUNDLE_LOADER = "$(TEST_HOST)";
				CODE_SIGN_STYLE = Automatic;
				INFOPLIST_FILE = "Thesis ProjectTests/Info.plist";
				IPHONEOS_DEPLOYMENT_TARGET = 14.0;
				LD_RUNPATH_SEARCH_PATHS = (
					"$(inherited)",
					"@executable_path/Frameworks",
					"@loader_path/Frameworks",
				);
				PRODUCT_BUNDLE_IDENTIFIER = "Isaac.Thesis-ProjectTests";
				PRODUCT_NAME = "$(TARGET_NAME)";
				SWIFT_VERSION = 5.0;
				TARGETED_DEVICE_FAMILY = "1,2";
				TEST_HOST = "$(BUILT_PRODUCTS_DIR)/Thesis Project.app/Thesis Project";
			};
			name = Debug;
		};
		06C70A8727238D6E00715BB0 /* Release */ = {
			isa = XCBuildConfiguration;
			buildSettings = {
				ALWAYS_EMBED_SWIFT_STANDARD_LIBRARIES = YES;
				BUNDLE_LOADER = "$(TEST_HOST)";
				CODE_SIGN_STYLE = Automatic;
				INFOPLIST_FILE = "Thesis ProjectTests/Info.plist";
				IPHONEOS_DEPLOYMENT_TARGET = 14.0;
				LD_RUNPATH_SEARCH_PATHS = (
					"$(inherited)",
					"@executable_path/Frameworks",
					"@loader_path/Frameworks",
				);
				PRODUCT_BUNDLE_IDENTIFIER = "Isaac.Thesis-ProjectTests";
				PRODUCT_NAME = "$(TARGET_NAME)";
				SWIFT_VERSION = 5.0;
				TARGETED_DEVICE_FAMILY = "1,2";
				TEST_HOST = "$(BUILT_PRODUCTS_DIR)/Thesis Project.app/Thesis Project";
			};
			name = Release;
		};
		06C70A8927238D6E00715BB0 /* Debug */ = {
			isa = XCBuildConfiguration;
			buildSettings = {
				ALWAYS_EMBED_SWIFT_STANDARD_LIBRARIES = YES;
				CODE_SIGN_STYLE = Automatic;
				INFOPLIST_FILE = "Thesis ProjectUITests/Info.plist";
				LD_RUNPATH_SEARCH_PATHS = (
					"$(inherited)",
					"@executable_path/Frameworks",
					"@loader_path/Frameworks",
				);
				PRODUCT_BUNDLE_IDENTIFIER = "Isaac.Thesis-ProjectUITests";
				PRODUCT_NAME = "$(TARGET_NAME)";
				SWIFT_VERSION = 5.0;
				TARGETED_DEVICE_FAMILY = "1,2";
				TEST_TARGET_NAME = "Thesis Project";
			};
			name = Debug;
		};
		06C70A8A27238D6E00715BB0 /* Release */ = {
			isa = XCBuildConfiguration;
			buildSettings = {
				ALWAYS_EMBED_SWIFT_STANDARD_LIBRARIES = YES;
				CODE_SIGN_STYLE = Automatic;
				INFOPLIST_FILE = "Thesis ProjectUITests/Info.plist";
				LD_RUNPATH_SEARCH_PATHS = (
					"$(inherited)",
					"@executable_path/Frameworks",
					"@loader_path/Frameworks",
				);
				PRODUCT_BUNDLE_IDENTIFIER = "Isaac.Thesis-ProjectUITests";
				PRODUCT_NAME = "$(TARGET_NAME)";
				SWIFT_VERSION = 5.0;
				TARGETED_DEVICE_FAMILY = "1,2";
				TEST_TARGET_NAME = "Thesis Project";
			};
			name = Release;
		};
/* End XCBuildConfiguration section */

/* Begin XCConfigurationList section */
		06C70A5827238D6D00715BB0 /* Build configuration list for PBXProject "Thesis Project" */ = {
			isa = XCConfigurationList;
			buildConfigurations = (
				06C70A8027238D6E00715BB0 /* Debug */,
				06C70A8127238D6E00715BB0 /* Release */,
			);
			defaultConfigurationIsVisible = 0;
			defaultConfigurationName = Release;
		};
		06C70A8227238D6E00715BB0 /* Build configuration list for PBXNativeTarget "Thesis Project" */ = {
			isa = XCConfigurationList;
			buildConfigurations = (
				06C70A8327238D6E00715BB0 /* Debug */,
				06C70A8427238D6E00715BB0 /* Release */,
			);
			defaultConfigurationIsVisible = 0;
			defaultConfigurationName = Release;
		};
		06C70A8527238D6E00715BB0 /* Build configuration list for PBXNativeTarget "Thesis ProjectTests" */ = {
			isa = XCConfigurationList;
			buildConfigurations = (
				06C70A8627238D6E00715BB0 /* Debug */,
				06C70A8727238D6E00715BB0 /* Release */,
			);
			defaultConfigurationIsVisible = 0;
			defaultConfigurationName = Release;
		};
		06C70A8827238D6E00715BB0 /* Build configuration list for PBXNativeTarget "Thesis ProjectUITests" */ = {
			isa = XCConfigurationList;
			buildConfigurations = (
				06C70A8927238D6E00715BB0 /* Debug */,
				06C70A8A27238D6E00715BB0 /* Release */,
			);
			defaultConfigurationIsVisible = 0;
			defaultConfigurationName = Release;
		};
/* End XCConfigurationList section */
	};
	rootObject = 06C70A5527238D6D00715BB0 /* Project object */;
}
